// !$*UTF8*$!
{
	archiveVersion = 1;
	classes = {
	};
	objectVersion = 46;
	objects = {

/* Begin PBXBuildFile section */
		6684B7B41B65157200540A3A /* AppDelegate.swift in Sources */ = {isa = PBXBuildFile; fileRef = 6684B7B31B65157200540A3A /* AppDelegate.swift */; };
		6684B7B61B65157200540A3A /* ViewController.swift in Sources */ = {isa = PBXBuildFile; fileRef = 6684B7B51B65157200540A3A /* ViewController.swift */; };
		6684B7B91B65157200540A3A /* Main.storyboard in Resources */ = {isa = PBXBuildFile; fileRef = 6684B7B71B65157200540A3A /* Main.storyboard */; };
		6684B7BB1B65157200540A3A /* Images.xcassets in Resources */ = {isa = PBXBuildFile; fileRef = 6684B7BA1B65157200540A3A /* Images.xcassets */; };
		6684B7BE1B65157200540A3A /* LaunchScreen.xib in Resources */ = {isa = PBXBuildFile; fileRef = 6684B7BC1B65157200540A3A /* LaunchScreen.xib */; };
		6684B7D51B6515B800540A3A /* RoundedImageView.swift in Sources */ = {isa = PBXBuildFile; fileRef = 6684B7D41B6515B800540A3A /* RoundedImageView.swift */; };
		669A029B1B6534C600E450A9 /* CustomUtils.swift in Sources */ = {isa = PBXBuildFile; fileRef = 669A029A1B6534C600E450A9 /* CustomUtils.swift */; };
/* End PBXBuildFile section */

/* Begin PBXFileReference section */
		6684B7AE1B65157200540A3A /* CustomDesignableExample.app */ = {isa = PBXFileReference; explicitFileType = wrapper.application; includeInIndex = 0; path = CustomDesignableExample.app; sourceTree = BUILT_PRODUCTS_DIR; };
		6684B7B21B65157200540A3A /* Info.plist */ = {isa = PBXFileReference; lastKnownFileType = text.plist.xml; path = Info.plist; sourceTree = "<group>"; };
		6684B7B31B65157200540A3A /* AppDelegate.swift */ = {isa = PBXFileReference; lastKnownFileType = sourcecode.swift; path = AppDelegate.swift; sourceTree = "<group>"; };
		6684B7B51B65157200540A3A /* ViewController.swift */ = {isa = PBXFileReference; lastKnownFileType = sourcecode.swift; path = ViewController.swift; sourceTree = "<group>"; };
		6684B7B81B65157200540A3A /* Base */ = {isa = PBXFileReference; lastKnownFileType = file.storyboard; name = Base; path = Base.lproj/Main.storyboard; sourceTree = "<group>"; };
		6684B7BA1B65157200540A3A /* Images.xcassets */ = {isa = PBXFileReference; lastKnownFileType = folder.assetcatalog; path = Images.xcassets; sourceTree = "<group>"; };
		6684B7BD1B65157200540A3A /* Base */ = {isa = PBXFileReference; lastKnownFileType = file.xib; name = Base; path = Base.lproj/LaunchScreen.xib; sourceTree = "<group>"; };
		6684B7D41B6515B800540A3A /* RoundedImageView.swift */ = {isa = PBXFileReference; fileEncoding = 4; lastKnownFileType = sourcecode.swift; path = RoundedImageView.swift; sourceTree = "<group>"; };
		669A029A1B6534C600E450A9 /* CustomUtils.swift */ = {isa = PBXFileReference; fileEncoding = 4; lastKnownFileType = sourcecode.swift; path = CustomUtils.swift; sourceTree = "<group>"; };
/* End PBXFileReference section */

/* Begin PBXFrameworksBuildPhase section */
		6684B7AB1B65157200540A3A /* Frameworks */ = {
			isa = PBXFrameworksBuildPhase;
			buildActionMask = 2147483647;
			files = (
			);
			runOnlyForDeploymentPostprocessing = 0;
		};
/* End PBXFrameworksBuildPhase section */

/* Begin PBXGroup section */
		6684B7A51B65157200540A3A = {
			isa = PBXGroup;
			children = (
				6684B7B01B65157200540A3A /* CustomDesignableExample */,
				6684B7AF1B65157200540A3A /* Products */,
			);
			sourceTree = "<group>";
		};
		6684B7AF1B65157200540A3A /* Products */ = {
			isa = PBXGroup;
			children = (
				6684B7AE1B65157200540A3A /* CustomDesignableExample.app */,
			);
			name = Products;
			sourceTree = "<group>";
		};
		6684B7B01B65157200540A3A /* CustomDesignableExample */ = {
			isa = PBXGroup;
			children = (
				669A02991B6534AD00E450A9 /* Extensions */,
				6684B7D31B65159000540A3A /* RoundedImageView */,
				6684B7B31B65157200540A3A /* AppDelegate.swift */,
				6684B7B51B65157200540A3A /* ViewController.swift */,
				6684B7B71B65157200540A3A /* Main.storyboard */,
				6684B7BA1B65157200540A3A /* Images.xcassets */,
				6684B7BC1B65157200540A3A /* LaunchScreen.xib */,
				6684B7B11B65157200540A3A /* Supporting Files */,
			);
			path = CustomDesignableExample;
			sourceTree = "<group>";
		};
		6684B7B11B65157200540A3A /* Supporting Files */ = {
			isa = PBXGroup;
			children = (
				6684B7B21B65157200540A3A /* Info.plist */,
			);
			name = "Supporting Files";
			sourceTree = "<group>";
		};
		6684B7D31B65159000540A3A /* RoundedImageView */ = {
			isa = PBXGroup;
			children = (
				6684B7D41B6515B800540A3A /* RoundedImageView.swift */,
			);
			name = RoundedImageView;
			sourceTree = "<group>";
		};
		669A02991B6534AD00E450A9 /* Extensions */ = {
			isa = PBXGroup;
			children = (
				669A029A1B6534C600E450A9 /* CustomUtils.swift */,
			);
			name = Extensions;
			sourceTree = "<group>";
		};
/* End PBXGroup section */

/* Begin PBXNativeTarget section */
		6684B7AD1B65157200540A3A /* CustomDesignableExample */ = {
			isa = PBXNativeTarget;
			buildConfigurationList = 6684B7CD1B65157200540A3A /* Build configuration list for PBXNativeTarget "CustomDesignableExample" */;
			buildPhases = (
				6684B7AA1B65157200540A3A /* Sources */,
				6684B7AB1B65157200540A3A /* Frameworks */,
				6684B7AC1B65157200540A3A /* Resources */,
			);
			buildRules = (
			);
			dependencies = (
			);
			name = CustomDesignableExample;
			productName = CustomDesignableExample;
			productReference = 6684B7AE1B65157200540A3A /* CustomDesignableExample.app */;
			productType = "com.apple.product-type.application";
		};
/* End PBXNativeTarget section */

/* Begin PBXProject section */
		6684B7A61B65157200540A3A /* Project object */ = {
			isa = PBXProject;
			attributes = {
				LastSwiftMigration = 0700;
				LastSwiftUpdateCheck = 0700;
				LastUpgradeCheck = 0700;
				ORGANIZATIONNAME = "Ignacio Nieto Carvajal";
				TargetAttributes = {
					6684B7AD1B65157200540A3A = {
						CreatedOnToolsVersion = 6.4;
					};
				};
			};
			buildConfigurationList = 6684B7A91B65157200540A3A /* Build configuration list for PBXProject "CustomDesignableExample" */;
			compatibilityVersion = "Xcode 3.2";
			developmentRegion = English;
			hasScannedForEncodings = 0;
			knownRegions = (
				en,
				Base,
			);
			mainGroup = 6684B7A51B65157200540A3A;
			productRefGroup = 6684B7AF1B65157200540A3A /* Products */;
			projectDirPath = "";
			projectRoot = "";
			targets = (
				6684B7AD1B65157200540A3A /* CustomDesignableExample */,
			);
		};
/* End PBXProject section */

/* Begin PBXResourcesBuildPhase section */
		6684B7AC1B65157200540A3A /* Resources */ = {
			isa = PBXResourcesBuildPhase;
			buildActionMask = 2147483647;
			files = (
				6684B7B91B65157200540A3A /* Main.storyboard in Resources */,
				6684B7BE1B65157200540A3A /* LaunchScreen.xib in Resources */,
				6684B7BB1B65157200540A3A /* Images.xcassets in Resources */,
			);
			runOnlyForDeploymentPostprocessing = 0;
		};
/* End PBXResourcesBuildPhase section */

/* Begin PBXSourcesBuildPhase section */
		6684B7AA1B65157200540A3A /* Sources */ = {
			isa = PBXSourcesBuildPhase;
			buildActionMask = 2147483647;
			files = (
				669A029B1B6534C600E450A9 /* CustomUtils.swift in Sources */,
				6684B7B61B65157200540A3A /* ViewController.swift in Sources */,
				6684B7B41B65157200540A3A /* AppDelegate.swift in Sources */,
				6684B7D51B6515B800540A3A /* RoundedImageView.swift in Sources */,
			);
			runOnlyForDeploymentPostprocessing = 0;
		};
/* End PBXSourcesBuildPhase section */

/* Begin PBXVariantGroup section */
		6684B7B71B65157200540A3A /* Main.storyboard */ = {
			isa = PBXVariantGroup;
			children = (
				6684B7B81B65157200540A3A /* Base */,
			);
			name = Main.storyboard;
			sourceTree = "<group>";
		};
		6684B7BC1B65157200540A3A /* LaunchScreen.xib */ = {
			isa = PBXVariantGroup;
			children = (
				6684B7BD1B65157200540A3A /* Base */,
			);
			name = LaunchScreen.xib;
			sourceTree = "<group>";
		};
/* End PBXVariantGroup section */

/* Begin XCBuildConfiguration section */
		6684B7CB1B65157200540A3A /* Debug */ = {
			isa = XCBuildConfiguration;
			buildSettings = {
				ALWAYS_SEARCH_USER_PATHS = NO;
				CLANG_CXX_LANGUAGE_STANDARD = "gnu++0x";
				CLANG_CXX_LIBRARY = "libc++";
				CLANG_ENABLE_MODULES = YES;
				CLANG_ENABLE_OBJC_ARC = YES;
				CLANG_WARN_BOOL_CONVERSION = YES;
				CLANG_WARN_CONSTANT_CONVERSION = YES;
				CLANG_WARN_DIRECT_OBJC_ISA_USAGE = YES_ERROR;
				CLANG_WARN_EMPTY_BODY = YES;
				CLANG_WARN_ENUM_CONVERSION = YES;
				CLANG_WARN_INT_CONVERSION = YES;
				CLANG_WARN_OBJC_ROOT_CLASS = YES_ERROR;
				CLANG_WARN_UNREACHABLE_CODE = YES;
				CLANG_WARN__DUPLICATE_METHOD_MATCH = YES;
				"CODE_SIGN_IDENTITY[sdk=iphoneos*]" = "iPhone Developer";
				COPY_PHASE_STRIP = NO;
				DEBUG_INFORMATION_FORMAT = "dwarf-with-dsym";
				ENABLE_STRICT_OBJC_MSGSEND = YES;
				ENABLE_TESTABILITY = YES;
				GCC_C_LANGUAGE_STANDARD = gnu99;
				GCC_DYNAMIC_NO_PIC = NO;
				GCC_NO_COMMON_BLOCKS = YES;
				GCC_OPTIMIZATION_LEVEL = 0;
				GCC_PREPROCESSOR_DEFINITIONS = (
					"DEBUG=1",
					"$(inherited)",
				);
				GCC_SYMBOLS_PRIVATE_EXTERN = NO;
				GCC_WARN_64_TO_32_BIT_CONVERSION = YES;
				GCC_WARN_ABOUT_RETURN_TYPE = YES_ERROR;
				GCC_WARN_UNDECLARED_SELECTOR = YES;
				GCC_WARN_UNINITIALIZED_AUTOS = YES_AGGRESSIVE;
				GCC_WARN_UNUSED_FUNCTION = YES;
				GCC_WARN_UNUSED_VARIABLE = YES;
				IPHONEOS_DEPLOYMENT_TARGET = 8.4;
				MTL_ENABLE_DEBUG_INFO = YES;
				ONLY_ACTIVE_ARCH = YES;
				SDKROOT = iphoneos;
				SWIFT_OPTIMIZATION_LEVEL = "-Onone";
				TARGETED_DEVICE_FAMILY = "1,2";
			};
			name = Debug;
		};
		6684B7CC1B65157200540A3A /* Release */ = {
			isa = XCBuildConfiguration;
			buildSettings = {
				ALWAYS_SEARCH_USER_PATHS = NO;
				CLANG_CXX_LANGUAGE_STANDARD = "gnu++0x";
				CLANG_CXX_LIBRARY = "libc++";
				CLANG_ENABLE_MODULES = YES;
				CLANG_ENABLE_OBJC_ARC = YES;
				CLANG_WARN_BOOL_CONVERSION = YES;
				CLANG_WARN_CONSTANT_CONVERSION = YES;
				CLANG_WARN_DIRECT_OBJC_ISA_USAGE = YES_ERROR;
				CLANG_WARN_EMPTY_BODY = YES;
				CLANG_WARN_ENUM_CONVERSION = YES;
				CLANG_WARN_INT_CONVERSION = YES;
				CLANG_WARN_OBJC_ROOT_CLASS = YES_ERROR;
				CLANG_WARN_UNREACHABLE_CODE = YES;
				CLANG_WARN__DUPLICATE_METHOD_MATCH = YES;
				"CODE_SIGN_IDENTITY[sdk=iphoneos*]" = "iPhone Developer";
				COPY_PHASE_STRIP = NO;
				DEBUG_INFORMATION_FORMAT = "dwarf-with-dsym";
				ENABLE_NS_ASSERTIONS = NO;
				ENABLE_STRICT_OBJC_MSGSEND = YES;
				GCC_C_LANGUAGE_STANDARD = gnu99;
				GCC_NO_COMMON_BLOCKS = YES;
				GCC_WARN_64_TO_32_BIT_CONVERSION = YES;
				GCC_WARN_ABOUT_RETURN_TYPE = YES_ERROR;
				GCC_WARN_UNDECLARED_SELECTOR = YES;
				GCC_WARN_UNINITIALIZED_AUTOS = YES_AGGRESSIVE;
				GCC_WARN_UNUSED_FUNCTION = YES;
				GCC_WARN_UNUSED_VARIABLE = YES;
				IPHONEOS_DEPLOYMENT_TARGET = 8.4;
				MTL_ENABLE_DEBUG_INFO = NO;
				SDKROOT = iphoneos;
				TARGETED_DEVICE_FAMILY = "1,2";
				VALIDATE_PRODUCT = YES;
			};
			name = Release;
		};
		6684B7CE1B65157200540A3A /* Debug */ = {
			isa = XCBuildConfiguration;
			buildSettings = {
				ASSETCATALOG_COMPILER_APPICON_NAME = AppIcon;
				INFOPLIST_FILE = CustomDesignableExample/Info.plist;
				LD_RUNPATH_SEARCH_PATHS = "$(inherited) @executable_path/Frameworks";
				PRODUCT_BUNDLE_IDENTIFIER = "com.Ignacio-Nieto-Carvajal.$(PRODUCT_NAME:rfc1034identifier)";
				PRODUCT_NAME = "$(TARGET_NAME)";
			};
			name = Debug;
		};
		6684B7CF1B65157200540A3A /* Release */ = {
			isa = XCBuildConfiguration;
			buildSettings = {
				ASSETCATALOG_COMPILER_APPICON_NAME = AppIcon;
				INFOPLIST_FILE = CustomDesignableExample/Info.plist;
				LD_RUNPATH_SEARCH_PATHS = "$(inherited) @executable_path/Frameworks";
				PRODUCT_BUNDLE_IDENTIFIER = "com.Ignacio-Nieto-Carvajal.$(PRODUCT_NAME:rfc1034identifier)";
				PRODUCT_NAME = "$(TARGET_NAME)";
			};
			name = Release;
		};
/* End XCBuildConfiguration section */

/* Begin XCConfigurationList section */
		6684B7A91B65157200540A3A /* Build configuration list for PBXProject "CustomDesignableExample" */ = {
			isa = XCConfigurationList;
			buildConfigurations = (
				6684B7CB1B65157200540A3A /* Debug */,
				6684B7CC1B65157200540A3A /* Release */,
			);
			defaultConfigurationIsVisible = 0;
			defaultConfigurationName = Release;
		};
		6684B7CD1B65157200540A3A /* Build configuration list for PBXNativeTarget "CustomDesignableExample" */ = {
			isa = XCConfigurationList;
			buildConfigurations = (
				6684B7CE1B65157200540A3A /* Debug */,
				6684B7CF1B65157200540A3A /* Release */,
			);
			defaultConfigurationIsVisible = 0;
			defaultConfigurationName = Release;
		};
/* End XCConfigurationList section */
	};
	rootObject = 6684B7A61B65157200540A3A /* Project object */;
}
